{
  "name": "mad-music",
  "version": "1.0.0",
  "lockfileVersion": 2,
  "requires": true,
  "packages": {
    "": {
      "name": "mad-music",
      "version": "1.0.0",
      "license": "ISC",
      "dependencies": {
        "mad-music": "file:",
        "pitch-shift-node": "^0.1.0"
      }
    },
    "node_modules/bit-twiddle": {
      "version": "0.0.2",
      "resolved": "https://registry.npmjs.org/bit-twiddle/-/bit-twiddle-0.0.2.tgz",
      "integrity": "sha1-wurruVKjuUrMFASX4c3NLxoz9Y4="
    },
    "node_modules/cwise": {
      "version": "0.1.2",
      "resolved": "https://registry.npmjs.org/cwise/-/cwise-0.1.2.tgz",
      "integrity": "sha1-DZQtD/9DAbnDZ6wOVfC5Rb7AnlI=",
      "dependencies": {
        "falafel": "~0.1.6"
      }
    },
    "node_modules/detect-pitch": {
      "version": "0.1.2",
      "resolved": "https://registry.npmjs.org/detect-pitch/-/detect-pitch-0.1.2.tgz",
      "integrity": "sha1-oPvxEDNRSH/3uF3JAu8JzGWj+0w=",
      "dependencies": {
        "bit-twiddle": "~0.0.2",
        "ndarray": "~0.2.4",
        "ndarray-fft": "~0.0.2",
        "ndarray-ops": "~0.1.3",
        "typedarray-pool": "~0.1.1"
      }
    },
    "node_modules/detect-pitch/node_modules/typedarray-pool": {
      "version": "0.1.2",
      "resolved": "https://registry.npmjs.org/typedarray-pool/-/typedarray-pool-0.1.2.tgz",
      "integrity": "sha1-wBpKldNfBfmQ9TRWtj/2mFV9ko8=",
      "dependencies": {
        "bit-twiddle": "~0.0.2",
        "dup": "~0.0.0"
      }
    },
    "node_modules/dup": {
      "version": "0.0.0",
      "resolved": "https://registry.npmjs.org/dup/-/dup-0.0.0.tgz",
      "integrity": "sha1-aAxMUazmq5/jvG5I2cqybAOWq9c="
    },
    "node_modules/esprima": {
      "version": "1.0.4",
      "resolved": "https://registry.npmjs.org/esprima/-/esprima-1.0.4.tgz",
      "integrity": "sha1-n1V+CPw7TSbs6d00+Pv0drYlha0=",
      "bin": {
        "esparse": "bin/esparse.js",
        "esvalidate": "bin/esvalidate.js"
      },
      "engines": {
        "node": ">=0.4.0"
      }
    },
    "node_modules/falafel": {
      "version": "0.1.6",
      "resolved": "https://registry.npmjs.org/falafel/-/falafel-0.1.6.tgz",
      "integrity": "sha1-MITPPUG1nRXIE75vJZVX/cgrBmA=",
      "dependencies": {
        "esprima": "~1.0.2"
      },
      "engines": {
        "node": ">=0.4.0"
      }
    },
    "node_modules/frame-hop": {
      "version": "0.0.0",
      "resolved": "https://registry.npmjs.org/frame-hop/-/frame-hop-0.0.0.tgz",
      "integrity": "sha1-oHYDf0/Zh8fSxc4X67A5AVUfbIc="
    },
    "node_modules/mad-music": {
      "resolved": "",
      "link": true
    },
    "node_modules/ndarray": {
      "version": "0.2.4",
      "resolved": "https://registry.npmjs.org/ndarray/-/ndarray-0.2.4.tgz",
      "integrity": "sha1-PKSYFrybEPWi+pdtD3YoQWunK/k="
    },
    "node_modules/ndarray-fft": {
      "version": "0.0.2",
      "resolved": "https://registry.npmjs.org/ndarray-fft/-/ndarray-fft-0.0.2.tgz",
      "integrity": "sha1-ggubwFD/EtxST5LoWmFqPEVay48=",
      "dependencies": {
        "bit-twiddle": "~0.0.2",
        "cwise": "~0.1.2",
        "ndarray": "~0.2.0",
        "ndarray-ops": "~0.1.3",
        "typedarray-pool": "0.0.1"
      }
    },
    "node_modules/ndarray-fft/node_modules/typedarray-pool": {
      "version": "0.0.1",
      "resolved": "https://registry.npmjs.org/typedarray-pool/-/typedarray-pool-0.0.1.tgz",
      "integrity": "sha1-FJHhV1oyWiolEI/wSK5/xHB0OGs=",
      "dependencies": {
        "bit-twiddle": "~0.0.2",
        "dup": "~0.0.0"
      }
    },
    "node_modules/ndarray-ops": {
      "version": "0.1.3",
      "resolved": "https://registry.npmjs.org/ndarray-ops/-/ndarray-ops-0.1.3.tgz",
      "integrity": "sha1-2ScaA1Ez100yJ3Q4FPzvOMNFKII=",
      "dependencies": {
        "cwise": "~0.1.2",
        "ndarray": "~0.2.0"
      }
    },
    "node_modules/overlap-add": {
      "version": "0.0.0",
      "resolved": "https://registry.npmjs.org/overlap-add/-/overlap-add-0.0.0.tgz",
      "integrity": "sha1-JxzlYeqJWIjSXxjoE7VPiylKB8w="
    },
    "node_modules/pitch-shift": {
      "version": "0.0.0",
      "resolved": "https://registry.npmjs.org/pitch-shift/-/pitch-shift-0.0.0.tgz",
      "integrity": "sha1-1FfkkK0NzCvQ1I+njQMAHyUrkRo=",
      "dependencies": {
        "detect-pitch": "~0.1.2",
        "frame-hop": "~0.0.0",
        "overlap-add": "~0.0.0",
        "typedarray-pool": "~0.1.1"
      }
    },
    "node_modules/pitch-shift-node": {
      "version": "0.1.0",
      "resolved": "https://registry.npmjs.org/pitch-shift-node/-/pitch-shift-node-0.1.0.tgz",
      "integrity": "sha1-QxF6NLXp+0yF8C21yRdAfrsUTvU=",
      "dependencies": {
        "pitch-shift": "0.0.0",
        "typedarray-pool": "^1.1.0"
      }
    },
    "node_modules/pitch-shift/node_modules/typedarray-pool": {
      "version": "0.1.2",
      "resolved": "https://registry.npmjs.org/typedarray-pool/-/typedarray-pool-0.1.2.tgz",
      "integrity": "sha1-wBpKldNfBfmQ9TRWtj/2mFV9ko8=",
      "dependencies": {
        "bit-twiddle": "~0.0.2",
        "dup": "~0.0.0"
      }
    },
    "node_modules/typedarray-pool": {
      "version": "1.2.0",
      "resolved": "https://registry.npmjs.org/typedarray-pool/-/typedarray-pool-1.2.0.tgz",
      "integrity": "sha512-YTSQbzX43yvtpfRtIDAYygoYtgT+Rpjuxy9iOpczrjpXLgGoyG7aS5USJXV2d3nn8uHTeb9rXDvzS27zUg5KYQ==",
      "dependencies": {
        "bit-twiddle": "^1.0.0",
        "dup": "^1.0.0"
      }
    },
    "node_modules/typedarray-pool/node_modules/bit-twiddle": {
      "version": "1.0.2",
      "resolved": "https://registry.npmjs.org/bit-twiddle/-/bit-twiddle-1.0.2.tgz",
      "integrity": "sha1-DGwfq+KyPRcXPZpht7cJPrnhdp4="
    },
    "node_modules/typedarray-pool/node_modules/dup": {
      "version": "1.0.0",
      "resolved": "https://registry.npmjs.org/dup/-/dup-1.0.0.tgz",
      "integrity": "sha1-UfxaxoX4GWRp3wuQXpNLIK9bQCk="
    }
  },
  "dependencies": {
    "bit-twiddle": {
      "version": "0.0.2",
      "resolved": "https://registry.npmjs.org/bit-twiddle/-/bit-twiddle-0.0.2.tgz",
      "integrity": "sha1-wurruVKjuUrMFASX4c3NLxoz9Y4="
    },
    "cwise": {
      "version": "0.1.2",
      "resolved": "https://registry.npmjs.org/cwise/-/cwise-0.1.2.tgz",
      "integrity": "sha1-DZQtD/9DAbnDZ6wOVfC5Rb7AnlI=",
      "requires": {
        "falafel": "~0.1.6"
      }
    },
    "detect-pitch": {
      "version": "0.1.2",
      "resolved": "https://registry.npmjs.org/detect-pitch/-/detect-pitch-0.1.2.tgz",
      "integrity": "sha1-oPvxEDNRSH/3uF3JAu8JzGWj+0w=",
      "requires": {
        "bit-twiddle": "~0.0.2",
        "ndarray": "~0.2.4",
        "ndarray-fft": "~0.0.2",
        "ndarray-ops": "~0.1.3",
        "typedarray-pool": "~0.1.1"
      },
      "dependencies": {
        "typedarray-pool": {
          "version": "0.1.2",
          "resolved": "https://registry.npmjs.org/typedarray-pool/-/typedarray-pool-0.1.2.tgz",
          "integrity": "sha1-wBpKldNfBfmQ9TRWtj/2mFV9ko8=",
          "requires": {
            "bit-twiddle": "~0.0.2",
            "dup": "~0.0.0"
          }
        }
      }
    },
    "dup": {
      "version": "0.0.0",
      "resolved": "https://registry.npmjs.org/dup/-/dup-0.0.0.tgz",
      "integrity": "sha1-aAxMUazmq5/jvG5I2cqybAOWq9c="
    },
    "esprima": {
      "version": "1.0.4",
      "resolved": "https://registry.npmjs.org/esprima/-/esprima-1.0.4.tgz",
      "integrity": "sha1-n1V+CPw7TSbs6d00+Pv0drYlha0="
    },
    "falafel": {
      "version": "0.1.6",
      "resolved": "https://registry.npmjs.org/falafel/-/falafel-0.1.6.tgz",
      "integrity": "sha1-MITPPUG1nRXIE75vJZVX/cgrBmA=",
      "requires": {
        "esprima": "~1.0.2"
      }
    },
    "frame-hop": {
      "version": "0.0.0",
      "resolved": "https://registry.npmjs.org/frame-hop/-/frame-hop-0.0.0.tgz",
      "integrity": "sha1-oHYDf0/Zh8fSxc4X67A5AVUfbIc="
    },
    "mad-music": {
      "version": "file:",
      "requires": {
        "mad-music": "file:",
        "pitch-shift-node": "^0.1.0"
      },
      "dependencies": {
        "bit-twiddle": {
          "version": "0.0.2",
          "resolved": "https://registry.npmjs.org/bit-twiddle/-/bit-twiddle-0.0.2.tgz",
          "integrity": "sha1-wurruVKjuUrMFASX4c3NLxoz9Y4="
        },
        "cwise": {
          "version": "0.1.2",
          "resolved": "https://registry.npmjs.org/cwise/-/cwise-0.1.2.tgz",
          "integrity": "sha1-DZQtD/9DAbnDZ6wOVfC5Rb7AnlI=",
          "requires": {
            "falafel": "~0.1.6"
          }
        },
        "detect-pitch": {
          "version": "0.1.2",
          "resolved": "https://registry.npmjs.org/detect-pitch/-/detect-pitch-0.1.2.tgz",
          "integrity": "sha1-oPvxEDNRSH/3uF3JAu8JzGWj+0w=",
          "requires": {
            "bit-twiddle": "~0.0.2",
            "ndarray": "~0.2.4",
            "ndarray-fft": "~0.0.2",
            "ndarray-ops": "~0.1.3",
            "typedarray-pool": "~0.1.1"
          },
          "dependencies": {
            "typedarray-pool": {
              "version": "0.1.2",
              "resolved": "https://registry.npmjs.org/typedarray-pool/-/typedarray-pool-0.1.2.tgz",
              "integrity": "sha1-wBpKldNfBfmQ9TRWtj/2mFV9ko8=",
              "requires": {
                "bit-twiddle": "~0.0.2",
                "dup": "~0.0.0"
              }
            }
          }
        },
        "dup": {
          "version": "0.0.0",
          "resolved": "https://registry.npmjs.org/dup/-/dup-0.0.0.tgz",
          "integrity": "sha1-aAxMUazmq5/jvG5I2cqybAOWq9c="
        },
        "esprima": {
          "version": "1.0.4",
          "resolved": "https://registry.npmjs.org/esprima/-/esprima-1.0.4.tgz",
          "integrity": "sha1-n1V+CPw7TSbs6d00+Pv0drYlha0="
        },
        "falafel": {
          "version": "0.1.6",
          "resolved": "https://registry.npmjs.org/falafel/-/falafel-0.1.6.tgz",
          "integrity": "sha1-MITPPUG1nRXIE75vJZVX/cgrBmA=",
          "requires": {
            "esprima": "~1.0.2"
          }
        },
        "frame-hop": {
          "version": "0.0.0",
          "resolved": "https://registry.npmjs.org/frame-hop/-/frame-hop-0.0.0.tgz",
          "integrity": "sha1-oHYDf0/Zh8fSxc4X67A5AVUfbIc="
        },
        "ndarray": {
          "version": "0.2.4",
          "resolved": "https://registry.npmjs.org/ndarray/-/ndarray-0.2.4.tgz",
          "integrity": "sha1-PKSYFrybEPWi+pdtD3YoQWunK/k="
        },
        "ndarray-fft": {
          "version": "0.0.2",
          "resolved": "https://registry.npmjs.org/ndarray-fft/-/ndarray-fft-0.0.2.tgz",
          "integrity": "sha1-ggubwFD/EtxST5LoWmFqPEVay48=",
          "requires": {
            "bit-twiddle": "~0.0.2",
            "cwise": "~0.1.2",
            "ndarray": "~0.2.0",
            "ndarray-ops": "~0.1.3",
            "typedarray-pool": "0.0.1"
          },
          "dependencies": {
            "typedarray-pool": {
              "version": "0.0.1",
              "resolved": "https://registry.npmjs.org/typedarray-pool/-/typedarray-pool-0.0.1.tgz",
              "integrity": "sha1-FJHhV1oyWiolEI/wSK5/xHB0OGs=",
              "requires": {
                "bit-twiddle": "~0.0.2",
                "dup": "~0.0.0"
              }
            }
          }
        },
        "ndarray-ops": {
          "version": "0.1.3",
          "resolved": "https://registry.npmjs.org/ndarray-ops/-/ndarray-ops-0.1.3.tgz",
          "integrity": "sha1-2ScaA1Ez100yJ3Q4FPzvOMNFKII=",
          "requires": {
            "cwise": "~0.1.2",
            "ndarray": "~0.2.0"
          }
        },
        "overlap-add": {
          "version": "0.0.0",
          "resolved": "https://registry.npmjs.org/overlap-add/-/overlap-add-0.0.0.tgz",
          "integrity": "sha1-JxzlYeqJWIjSXxjoE7VPiylKB8w="
        },
        "pitch-shift": {
          "version": "0.0.0",
          "resolved": "https://registry.npmjs.org/pitch-shift/-/pitch-shift-0.0.0.tgz",
          "integrity": "sha1-1FfkkK0NzCvQ1I+njQMAHyUrkRo=",
          "requires": {
            "detect-pitch": "~0.1.2",
            "frame-hop": "~0.0.0",
            "overlap-add": "~0.0.0",
            "typedarray-pool": "~0.1.1"
          },
          "dependencies": {
            "typedarray-pool": {
              "version": "0.1.2",
              "resolved": "https://registry.npmjs.org/typedarray-pool/-/typedarray-pool-0.1.2.tgz",
              "integrity": "sha1-wBpKldNfBfmQ9TRWtj/2mFV9ko8=",
              "requires": {
                "bit-twiddle": "~0.0.2",
                "dup": "~0.0.0"
              }
            }
          }
        },
        "pitch-shift-node": {
          "version": "0.1.0",
          "resolved": "https://registry.npmjs.org/pitch-shift-node/-/pitch-shift-node-0.1.0.tgz",
          "integrity": "sha1-QxF6NLXp+0yF8C21yRdAfrsUTvU=",
          "requires": {
            "pitch-shift": "0.0.0",
            "typedarray-pool": "^1.1.0"
          }
        },
        "typedarray-pool": {
          "version": "1.2.0",
          "resolved": "https://registry.npmjs.org/typedarray-pool/-/typedarray-pool-1.2.0.tgz",
          "integrity": "sha512-YTSQbzX43yvtpfRtIDAYygoYtgT+Rpjuxy9iOpczrjpXLgGoyG7aS5USJXV2d3nn8uHTeb9rXDvzS27zUg5KYQ==",
          "requires": {
            "bit-twiddle": "^1.0.0",
            "dup": "^1.0.0"
          },
          "dependencies": {
            "bit-twiddle": {
              "version": "1.0.2",
              "resolved": "https://registry.npmjs.org/bit-twiddle/-/bit-twiddle-1.0.2.tgz",
              "integrity": "sha1-DGwfq+KyPRcXPZpht7cJPrnhdp4="
            },
            "dup": {
              "version": "1.0.0",
              "resolved": "https://registry.npmjs.org/dup/-/dup-1.0.0.tgz",
              "integrity": "sha1-UfxaxoX4GWRp3wuQXpNLIK9bQCk="
            }
          }
        }
      }
    },
    "ndarray": {
      "version": "0.2.4",
      "resolved": "https://registry.npmjs.org/ndarray/-/ndarray-0.2.4.tgz",
      "integrity": "sha1-PKSYFrybEPWi+pdtD3YoQWunK/k="
    },
    "ndarray-fft": {
      "version": "0.0.2",
      "resolved": "https://registry.npmjs.org/ndarray-fft/-/ndarray-fft-0.0.2.tgz",
      "integrity": "sha1-ggubwFD/EtxST5LoWmFqPEVay48=",
      "requires": {
        "bit-twiddle": "~0.0.2",
        "cwise": "~0.1.2",
        "ndarray": "~0.2.0",
        "ndarray-ops": "~0.1.3",
        "typedarray-pool": "0.0.1"
      },
      "dependencies": {
        "typedarray-pool": {
          "version": "0.0.1",
          "resolved": "https://registry.npmjs.org/typedarray-pool/-/typedarray-pool-0.0.1.tgz",
          "integrity": "sha1-FJHhV1oyWiolEI/wSK5/xHB0OGs=",
          "requires": {
            "bit-twiddle": "~0.0.2",
            "dup": "~0.0.0"
          }
        }
      }
    },
    "ndarray-ops": {
      "version": "0.1.3",
      "resolved": "https://registry.npmjs.org/ndarray-ops/-/ndarray-ops-0.1.3.tgz",
      "integrity": "sha1-2ScaA1Ez100yJ3Q4FPzvOMNFKII=",
      "requires": {
        "cwise": "~0.1.2",
        "ndarray": "~0.2.0"
      }
    },
    "overlap-add": {
      "version": "0.0.0",
      "resolved": "https://registry.npmjs.org/overlap-add/-/overlap-add-0.0.0.tgz",
      "integrity": "sha1-JxzlYeqJWIjSXxjoE7VPiylKB8w="
    },
    "pitch-shift": {
      "version": "0.0.0",
      "resolved": "https://registry.npmjs.org/pitch-shift/-/pitch-shift-0.0.0.tgz",
      "integrity": "sha1-1FfkkK0NzCvQ1I+njQMAHyUrkRo=",
      "requires": {
        "detect-pitch": "~0.1.2",
        "frame-hop": "~0.0.0",
        "overlap-add": "~0.0.0",
        "typedarray-pool": "~0.1.1"
      },
      "dependencies": {
        "typedarray-pool": {
          "version": "0.1.2",
          "resolved": "https://registry.npmjs.org/typedarray-pool/-/typedarray-pool-0.1.2.tgz",
          "integrity": "sha1-wBpKldNfBfmQ9TRWtj/2mFV9ko8=",
          "requires": {
            "bit-twiddle": "~0.0.2",
            "dup": "~0.0.0"
          }
        }
      }
    },
    "pitch-shift-node": {
      "version": "0.1.0",
      "resolved": "https://registry.npmjs.org/pitch-shift-node/-/pitch-shift-node-0.1.0.tgz",
      "integrity": "sha1-QxF6NLXp+0yF8C21yRdAfrsUTvU=",
      "requires": {
        "pitch-shift": "0.0.0",
        "typedarray-pool": "^1.1.0"
      }
    },
    "typedarray-pool": {
      "version": "1.2.0",
      "resolved": "https://registry.npmjs.org/typedarray-pool/-/typedarray-pool-1.2.0.tgz",
      "integrity": "sha512-YTSQbzX43yvtpfRtIDAYygoYtgT+Rpjuxy9iOpczrjpXLgGoyG7aS5USJXV2d3nn8uHTeb9rXDvzS27zUg5KYQ==",
      "requires": {
        "bit-twiddle": "^1.0.0",
        "dup": "^1.0.0"
      },
      "dependencies": {
        "bit-twiddle": {
          "version": "1.0.2",
          "resolved": "https://registry.npmjs.org/bit-twiddle/-/bit-twiddle-1.0.2.tgz",
          "integrity": "sha1-DGwfq+KyPRcXPZpht7cJPrnhdp4="
        },
        "dup": {
          "version": "1.0.0",
          "resolved": "https://registry.npmjs.org/dup/-/dup-1.0.0.tgz",
          "integrity": "sha1-UfxaxoX4GWRp3wuQXpNLIK9bQCk="
        }
      }
    }
  }
}
